
Microsoft Visual Studio Solution File, Format Version 12.00
# Visual Studio Version 16
VisualStudioVersion = 16.0.34031.81
MinimumVisualStudioVersion = 10.0.40219.1
Project("{9A19103F-16F7-4668-BE54-9A1E7A4F7556}") = "CRUD-MVC", "CRUD-MVC\CRUD-MVC.csproj", "{ECBCD187-3293-4875-A7E9-521F4759082C}"
EndProject
Project("{9A19103F-16F7-4668-BE54-9A1E7A4F7556}") = "SanthoshLibrary", "SanthoshLibrary\SanthoshLibrary.csproj", "{C79DD77C-2ABA-4731-A254-0FA16494C5FB}"
EndProject
Global
	GlobalSection(SolutionConfigurationPlatforms) = preSolution
		Debug|Any CPU = Debug|Any CPU
		Release|Any CPU = Release|Any CPU
	EndGlobalSection
	GlobalSection(ProjectConfigurationPlatforms) = postSolution
		{ECBCD187-3293-4875-A7E9-521F4759082C}.Debug|Any CPU.ActiveCfg = Debug|Any CPU
		{ECBCD187-3293-4875-A7E9-521F4759082C}.Debug|Any CPU.Build.0 = Debug|Any CPU
		{ECBCD187-3293-4875-A7E9-521F4759082C}.Release|Any CPU.ActiveCfg = Release|Any CPU
		{ECBCD187-3293-4875-A7E9-521F4759082C}.Release|Any CPU.Build.0 = Release|Any CPU
		{C79DD77C-2ABA-4731-A254-0FA16494C5FB}.Debug|Any CPU.ActiveCfg = Debug|Any CPU
		{C79DD77C-2ABA-4731-A254-0FA16494C5FB}.Debug|Any CPU.Build.0 = Debug|Any CPU
		{C79DD77C-2ABA-4731-A254-0FA16494C5FB}.Release|Any CPU.ActiveCfg = Release|Any CPU
		{C79DD77C-2ABA-4731-A254-0FA16494C5FB}.Release|Any CPU.Build.0 = Release|Any CPU
	EndGlobalSection
	GlobalSection(SolutionProperties) = preSolution
		HideSolutionNode = FALSE
	EndGlobalSection
	GlobalSection(ExtensibilityGlobals) = postSolution
		SolutionGuid = {B0C7F5E0-B28C-4F5D-AE88-89DB86483ED6}
	EndGlobalSection
EndGlobal
